<?xml version="1.0" encoding="utf-8"?>
<Project ToolsVersion="4.0" xmlns="http://schemas.microsoft.com/developer/msbuild/2003">
  <ItemGroup>
    <Filter Include="Src">
      <UniqueIdentifier>{0D23880B-792C-887C-02A8-9E7C6EB0937C}</UniqueIdentifier>
    </Filter>
    <Filter Include="Src\Shaders">
      <UniqueIdentifier>{E6043150-52BA-A945-DBAE-A31C4763A049}</UniqueIdentifier>
    </Filter>
    <Filter Include="src">
      <UniqueIdentifier>{2DAB880B-99B4-887C-2230-9F7C8E38947C}</UniqueIdentifier>
    </Filter>
    <Filter Include="src\BasicScene">
      <UniqueIdentifier>{ECF1CE3B-D8BF-C241-C153-3368ADC09EA6}</UniqueIdentifier>
    </Filter>
    <Filter Include="src\Common">
      <UniqueIdentifier>{C5C39D09-B17B-DF56-1A83-B8B2065A7A47}</UniqueIdentifier>
    </Filter>
    <Filter Include="src\Data">
      <UniqueIdentifier>{B6241DCF-A2F1-77DA-CB0A-6682B736AD68}</UniqueIdentifier>
    </Filter>
    <Filter Include="src\ECS">
      <UniqueIdentifier>{F76D2FA9-634D-AE44-6C65-391BD8C314A6}</UniqueIdentifier>
    </Filter>
    <Filter Include="src\ECS\Components">
      <UniqueIdentifier>{AC4A8D64-982E-4EBA-018F-480DED91383C}</UniqueIdentifier>
    </Filter>
    <Filter Include="src\Math">
      <UniqueIdentifier>{261422CF-12E1-7CDA-3BFA-6A822726B268}</UniqueIdentifier>
    </Filter>
    <Filter Include="src\Platforms">
      <UniqueIdentifier>{B40E5C85-20CF-D7BB-E909-213955891C98}</UniqueIdentifier>
    </Filter>
    <Filter Include="src\Renderer">
      <UniqueIdentifier>{73D1DFBF-5F34-6F64-08BA-A71AF4FB3AE7}</UniqueIdentifier>
    </Filter>
    <Filter Include="src\Renderer\DirectX11Renderer">
      <UniqueIdentifier>{6EAA87FE-5AD0-5165-4316-D7302FDB7631}</UniqueIdentifier>
    </Filter>
    <Filter Include="src\Renderer\OpenGLRenderer">
      <UniqueIdentifier>{BED6BA1F-2AE4-E805-B3CA-E4F01FD7B4BC}</UniqueIdentifier>
    </Filter>
    <Filter Include="src\System">
      <UniqueIdentifier>{A1A9A82F-8D61-EA7C-F668-C3D8E23F856D}</UniqueIdentifier>
    </Filter>
    <Filter Include="src\System\Interfaces">
      <UniqueIdentifier>{5427C3B6-C093-7EB1-8987-160FF5B2A019}</UniqueIdentifier>
    </Filter>
    <Filter Include="src\TerrainGenerationScene">
      <UniqueIdentifier>{CBD69FF1-B7E6-4BC2-20A0-B0E00CCF3A5B}</UniqueIdentifier>
    </Filter>
    <Filter Include="src\Utility">
      <UniqueIdentifier>{70464FB2-DCFB-C7A7-65F0-C17ED1A4BEAB}</UniqueIdentifier>
    </Filter>
    <Filter Include="vendor">
      <UniqueIdentifier>{B3738122-9F15-ACF8-88D0-BF4C74113349}</UniqueIdentifier>
    </Filter>
    <Filter Include="vendor\imgui">
      <UniqueIdentifier>{5D3BD0F0-499E-5F95-F223-984BDE652B18}</UniqueIdentifier>
    </Filter>
    <Filter Include="vendor\imgui\backends">
      <UniqueIdentifier>{27CEAEAF-933A-6AAA-5C2E-0208C8598C12}</UniqueIdentifier>
    </Filter>
  </ItemGroup>
  <ItemGroup>
    <ClInclude Include="src\BasicScene\Camera.h">
      <Filter>src\BasicScene</Filter>
    </ClInclude>
    <ClInclude Include="src\Common\Common.h">
      <Filter>src\Common</Filter>
    </ClInclude>
    <ClInclude Include="src\Common\EngineProperties.h">
      <Filter>src\Common</Filter>
    </ClInclude>
    <ClInclude Include="src\Data\Mesh.h">
      <Filter>src\Data</Filter>
    </ClInclude>
    <ClInclude Include="src\Data\Model.h">
      <Filter>src\Data</Filter>
    </ClInclude>
    <ClInclude Include="src\Data\ParseApplicationSettings.h">
      <Filter>src\Data</Filter>
    </ClInclude>
    <ClInclude Include="src\Data\tinyxml2.h">
      <Filter>src\Data</Filter>
    </ClInclude>
    <ClInclude Include="src\ECS\BaseComponent.h">
      <Filter>src\ECS</Filter>
    </ClInclude>
    <ClInclude Include="src\ECS\Components\LightComponent.h">
      <Filter>src\ECS\Components</Filter>
    </ClInclude>
    <ClInclude Include="src\ECS\Components\MeshComponent.h">
      <Filter>src\ECS\Components</Filter>
    </ClInclude>
    <ClInclude Include="src\ECS\Components\RendererComponent.h">
      <Filter>src\ECS\Components</Filter>
    </ClInclude>
    <ClInclude Include="src\ECS\Components\TransformComponent.h">
      <Filter>src\ECS\Components</Filter>
    </ClInclude>
    <ClInclude Include="src\ECS\Entity.h">
      <Filter>src\ECS</Filter>
    </ClInclude>
    <ClInclude Include="src\ECS\EntityManager.h">
      <Filter>src\ECS</Filter>
    </ClInclude>
    <ClInclude Include="src\Engine.h">
      <Filter>src</Filter>
    </ClInclude>
    <ClInclude Include="src\Math\CMatrix4x4.h">
      <Filter>src\Math</Filter>
    </ClInclude>
    <ClInclude Include="src\Math\CPerlinNoise.h">
      <Filter>src\Math</Filter>
    </ClInclude>
    <ClInclude Include="src\Math\CVector2.h">
      <Filter>src\Math</Filter>
    </ClInclude>
    <ClInclude Include="src\Math\CVector3.h">
      <Filter>src\Math</Filter>
    </ClInclude>
    <ClInclude Include="src\Math\DiamondSquare.h">
      <Filter>src\Math</Filter>
    </ClInclude>
    <ClInclude Include="src\Math\MathHelpers.h">
      <Filter>src\Math</Filter>
    </ClInclude>
    <ClInclude Include="src\Platforms\OpenGLPlatform.h">
      <Filter>src\Platforms</Filter>
    </ClInclude>
    <ClInclude Include="src\Platforms\WindowsPlatform.h">
      <Filter>src\Platforms</Filter>
    </ClInclude>
    <ClInclude Include="src\Renderer\DirectX11Renderer\DirectX11Renderer.h">
      <Filter>src\Renderer\DirectX11Renderer</Filter>
    </ClInclude>
    <ClInclude Include="src\Renderer\DirectX11Renderer\DirectX11Shaders.h">
      <Filter>src\Renderer\DirectX11Renderer</Filter>
    </ClInclude>
    <ClInclude Include="src\Renderer\DirectX11Renderer\DirectX11States.h">
      <Filter>src\Renderer\DirectX11Renderer</Filter>
    </ClInclude>
    <ClInclude Include="src\Renderer\OpenGLRenderer\OpenGLRenderer.h">
      <Filter>src\Renderer\OpenGLRenderer</Filter>
    </ClInclude>
    <ClInclude Include="src\System\Application.h">
      <Filter>src\System</Filter>
    </ClInclude>
    <ClInclude Include="src\System\Base.h">
      <Filter>src\System</Filter>
    </ClInclude>
    <ClInclude Include="src\System\EntryPoint.h">
      <Filter>src\System</Filter>
    </ClInclude>
    <ClInclude Include="src\System\Interfaces\IRenderer.h">
      <Filter>src\System\Interfaces</Filter>
    </ClInclude>
    <ClInclude Include="src\System\Interfaces\IScene.h">
      <Filter>src\System\Interfaces</Filter>
    </ClInclude>
    <ClInclude Include="src\System\Interfaces\IShader.h">
      <Filter>src\System\Interfaces</Filter>
    </ClInclude>
    <ClInclude Include="src\System\Interfaces\IState.h">
      <Filter>src\System\Interfaces</Filter>
    </ClInclude>
    <ClInclude Include="src\System\Interfaces\IWindow.h">
      <Filter>src\System\Interfaces</Filter>
    </ClInclude>
    <ClInclude Include="src\System\Log.h">
      <Filter>src\System</Filter>
    </ClInclude>
    <ClInclude Include="src\TerrainGenerationScene\TerrainGenerationScene.h">
      <Filter>src\TerrainGenerationScene</Filter>
    </ClInclude>
    <ClInclude Include="src\Utility\ColourRGBA.h">
      <Filter>src\Utility</Filter>
    </ClInclude>
    <ClInclude Include="src\Utility\GraphicsHelpers.h">
      <Filter>src\Utility</Filter>
    </ClInclude>
    <ClInclude Include="src\Utility\HashTable.h">
      <Filter>src\Utility</Filter>
    </ClInclude>
    <ClInclude Include="src\Utility\Input.h">
      <Filter>src\Utility</Filter>
    </ClInclude>
    <ClInclude Include="src\Utility\Timer.h">
      <Filter>src\Utility</Filter>
    </ClInclude>
    <ClInclude Include="src\epch.h">
      <Filter>src</Filter>
    </ClInclude>
    <ClInclude Include="vendor\imgui\backends\imgui_impl_dx11.h">
      <Filter>vendor\imgui\backends</Filter>
    </ClInclude>
    <ClInclude Include="vendor\imgui\backends\imgui_impl_glfw.h">
      <Filter>vendor\imgui\backends</Filter>
    </ClInclude>
    <ClInclude Include="vendor\imgui\backends\imgui_impl_opengl3.h">
      <Filter>vendor\imgui\backends</Filter>
    </ClInclude>
    <ClInclude Include="vendor\imgui\backends\imgui_impl_win32.h">
      <Filter>vendor\imgui\backends</Filter>
    </ClInclude>
  </ItemGroup>
  <ItemGroup>
    <ClCompile Include="src\BasicScene\Camera.cpp">
      <Filter>src\BasicScene</Filter>
    </ClCompile>
    <ClCompile Include="src\Data\Mesh.cpp">
      <Filter>src\Data</Filter>
    </ClCompile>
    <ClCompile Include="src\Data\Model.cpp">
      <Filter>src\Data</Filter>
    </ClCompile>
    <ClCompile Include="src\Data\ParseApplicationSettings.cpp">
      <Filter>src\Data</Filter>
    </ClCompile>
    <ClCompile Include="src\Data\tinyxml2.cpp">
      <Filter>src\Data</Filter>
    </ClCompile>
    <ClCompile Include="src\ECS\Components\LightComponent.cpp">
      <Filter>src\ECS\Components</Filter>
    </ClCompile>
    <ClCompile Include="src\ECS\Components\MeshComponent.cpp">
      <Filter>src\ECS\Components</Filter>
    </ClCompile>
    <ClCompile Include="src\ECS\Components\RendererComponent.cpp">
      <Filter>src\ECS\Components</Filter>
    </ClCompile>
    <ClCompile Include="src\ECS\Components\TransformComponent.cpp">
      <Filter>src\ECS\Components</Filter>
    </ClCompile>
    <ClCompile Include="src\ECS\Entity.cpp">
      <Filter>src\ECS</Filter>
    </ClCompile>
    <ClCompile Include="src\ECS\EntityManager.cpp">
      <Filter>src\ECS</Filter>
    </ClCompile>
    <ClCompile Include="src\Math\CMatrix4x4.cpp">
      <Filter>src\Math</Filter>
    </ClCompile>
    <ClCompile Include="src\Math\CPerlinNoise.cpp">
      <Filter>src\Math</Filter>
    </ClCompile>
    <ClCompile Include="src\Math\CVector2.cpp">
      <Filter>src\Math</Filter>
    </ClCompile>
    <ClCompile Include="src\Math\CVector3.cpp">
      <Filter>src\Math</Filter>
    </ClCompile>
    <ClCompile Include="src\Math\DiamondSquare.cpp">
      <Filter>src\Math</Filter>
    </ClCompile>
    <ClCompile Include="src\Platforms\OpenGLPlatform.cpp">
      <Filter>src\Platforms</Filter>
    </ClCompile>
    <ClCompile Include="src\Platforms\WindowsPlatform.cpp">
      <Filter>src\Platforms</Filter>
    </ClCompile>
    <ClCompile Include="src\Renderer\DirectX11Renderer\DirectX11Renderer.cpp">
      <Filter>src\Renderer\DirectX11Renderer</Filter>
    </ClCompile>
    <ClCompile Include="src\Renderer\DirectX11Renderer\DirectX11Shaders.cpp">
      <Filter>src\Renderer\DirectX11Renderer</Filter>
    </ClCompile>
    <ClCompile Include="src\Renderer\DirectX11Renderer\DirectX11States.cpp">
      <Filter>src\Renderer\DirectX11Renderer</Filter>
    </ClCompile>
    <ClCompile Include="src\Renderer\OpenGLRenderer\OpenGLRenderer.cpp">
      <Filter>src\Renderer\OpenGLRenderer</Filter>
    </ClCompile>
    <ClCompile Include="src\System\Application.cpp">
      <Filter>src\System</Filter>
    </ClCompile>
    <ClCompile Include="src\System\Interfaces\IRenderer.cpp">
      <Filter>src\System\Interfaces</Filter>
    </ClCompile>
    <ClCompile Include="src\System\Interfaces\IShader.cpp">
      <Filter>src\System\Interfaces</Filter>
    </ClCompile>
    <ClCompile Include="src\System\Interfaces\IState.cpp">
      <Filter>src\System\Interfaces</Filter>
    </ClCompile>
    <ClCompile Include="src\System\Interfaces\IWindow.cpp">
      <Filter>src\System\Interfaces</Filter>
    </ClCompile>
    <ClCompile Include="src\System\Log.cpp">
      <Filter>src\System</Filter>
    </ClCompile>
    <ClCompile Include="src\TerrainGenerationScene\TerrainGenerationScene.cpp">
      <Filter>src\TerrainGenerationScene</Filter>
    </ClCompile>
    <ClCompile Include="src\Utility\GraphicsHelpers.cpp">
      <Filter>src\Utility</Filter>
    </ClCompile>
    <ClCompile Include="src\Utility\HashTable.cpp">
      <Filter>src\Utility</Filter>
    </ClCompile>
    <ClCompile Include="src\Utility\Input.cpp">
      <Filter>src\Utility</Filter>
    </ClCompile>
    <ClCompile Include="src\Utility\Timer.cpp">
      <Filter>src\Utility</Filter>
    </ClCompile>
    <ClCompile Include="src\epch.cpp">
      <Filter>src</Filter>
    </ClCompile>
    <ClCompile Include="vendor\imgui\backends\imgui_impl_dx11.cpp">
      <Filter>vendor\imgui\backends</Filter>
    </ClCompile>
    <ClCompile Include="vendor\imgui\backends\imgui_impl_glfw.cpp">
      <Filter>vendor\imgui\backends</Filter>
    </ClCompile>
    <ClCompile Include="vendor\imgui\backends\imgui_impl_opengl3.cpp">
      <Filter>vendor\imgui\backends</Filter>
    </ClCompile>
    <ClCompile Include="vendor\imgui\backends\imgui_impl_win32.cpp">
      <Filter>vendor\imgui\backends</Filter>
    </ClCompile>
  </ItemGroup>
  <ItemGroup>
    <None Include="Src\Shaders\Common.hlsli">
      <Filter>Src\Shaders</Filter>
    </None>
  </ItemGroup>
</Project>